
Microsoft Visual Studio Solution File, Format Version 12.00
# Visual Studio 2013
VisualStudioVersion = 12.0.21005.1
MinimumVisualStudioVersion = 10.0.40219.1
Project("{FAE04EC0-301F-11D3-BF4B-00C04F79EFBC}") = "prairiehub", "prairiehub\prairiehub.csproj", "{D57A71D5-B6F0-4EC2-853E-E18ADDE0CB23}"
EndProject
Global
	GlobalSection(SolutionConfigurationPlatforms) = preSolution
		Debug|Any CPU = Debug|Any CPU
		Release|Any CPU = Release|Any CPU
	EndGlobalSection
	GlobalSection(ProjectConfigurationPlatforms) = postSolution
		{D57A71D5-B6F0-4EC2-853E-E18ADDE0CB23}.Debug|Any CPU.ActiveCfg = Debug|Any CPU
		{D57A71D5-B6F0-4EC2-853E-E18ADDE0CB23}.Debug|Any CPU.Build.0 = Debug|Any CPU
		{D57A71D5-B6F0-4EC2-853E-E18ADDE0CB23}.Release|Any CPU.ActiveCfg = Release|Any CPU
		{D57A71D5-B6F0-4EC2-853E-E18ADDE0CB23}.Release|Any CPU.Build.0 = Release|Any CPU
	EndGlobalSection
	GlobalSection(SolutionProperties) = preSolution
		HideSolutionNode = FALSE
	EndGlobalSection
EndGlobal
